// !$*UTF8*$!
{
	archiveVersion = 1;
	classes = {
	};
	objectVersion = 50;
	objects = {

/* Begin PBXBuildFile section */
		B6A364EA21FDEEE200094C72 /* TableEditCell.swift in Sources */ = {isa = PBXBuildFile; fileRef = B6A364E921FDEEE200094C72 /* TableEditCell.swift */; };
		B6B09CAA220C7D1600B483BC /* SuspendViewController.swift in Sources */ = {isa = PBXBuildFile; fileRef = B6B09CA9220C7D1600B483BC /* SuspendViewController.swift */; };
		B6B09CAC220C7D2B00B483BC /* Suspend.storyboard in Resources */ = {isa = PBXBuildFile; fileRef = B6B09CAB220C7D2B00B483BC /* Suspend.storyboard */; };
		B6C68C5D22524A1A00B7C116 /* Chaining.framework in Embed Frameworks */ = {isa = PBXBuildFile; fileRef = B6FABCB921F4BFDE0045872A /* Chaining.framework */; settings = {ATTRIBUTES = (CodeSignOnCopy, RemoveHeadersOnCopy, ); }; };
		B6D4C64021FD7945004A95A8 /* Numbers.storyboard in Resources */ = {isa = PBXBuildFile; fileRef = B6D4C63E21FD7945004A95A8 /* Numbers.storyboard */; };
		B6D4C64321FD7C50004A95A8 /* SimpleValidation.storyboard in Resources */ = {isa = PBXBuildFile; fileRef = B6D4C64121FD7C50004A95A8 /* SimpleValidation.storyboard */; };
		B6D4C64921FD7D51004A95A8 /* Table.storyboard in Resources */ = {isa = PBXBuildFile; fileRef = B6D4C64721FD7D51004A95A8 /* Table.storyboard */; };
		B6DBC07221FC8C11003C0CF6 /* NumbersViewController.swift in Sources */ = {isa = PBXBuildFile; fileRef = B6DBC07121FC8C11003C0CF6 /* NumbersViewController.swift */; };
		B6DBC07521FCAC55003C0CF6 /* SimpleValidationViewController.swift in Sources */ = {isa = PBXBuildFile; fileRef = B6DBC07421FCAC55003C0CF6 /* SimpleValidationViewController.swift */; };
		B6FABCA721F4BFAF0045872A /* AppDelegate.swift in Sources */ = {isa = PBXBuildFile; fileRef = B6FABCA621F4BFAF0045872A /* AppDelegate.swift */; };
		B6FABCAC21F4BFAF0045872A /* Main.storyboard in Resources */ = {isa = PBXBuildFile; fileRef = B6FABCAA21F4BFAF0045872A /* Main.storyboard */; };
		B6FABCAE21F4BFB00045872A /* Assets.xcassets in Resources */ = {isa = PBXBuildFile; fileRef = B6FABCAD21F4BFB00045872A /* Assets.xcassets */; };
		B6FABCB121F4BFB00045872A /* LaunchScreen.storyboard in Resources */ = {isa = PBXBuildFile; fileRef = B6FABCAF21F4BFB00045872A /* LaunchScreen.storyboard */; };
		B6FABCBA21F4BFDE0045872A /* Chaining.framework in Frameworks */ = {isa = PBXBuildFile; fileRef = B6FABCB921F4BFDE0045872A /* Chaining.framework */; };
		B6FABCC421F4C0660045872A /* TableSection.swift in Sources */ = {isa = PBXBuildFile; fileRef = B6FABCBB21F4C0650045872A /* TableSection.swift */; };
		B6FABCC521F4C0660045872A /* TableViewController.swift in Sources */ = {isa = PBXBuildFile; fileRef = B6FABCBC21F4C0660045872A /* TableViewController.swift */; };
		B6FABCC621F4C0660045872A /* TableCustomCell.swift in Sources */ = {isa = PBXBuildFile; fileRef = B6FABCBD21F4C0660045872A /* TableCustomCell.swift */; };
		B6FABCC721F4C0660045872A /* TableNormalCell.swift in Sources */ = {isa = PBXBuildFile; fileRef = B6FABCBE21F4C0660045872A /* TableNormalCell.swift */; };
		B6FABCC921F4C0660045872A /* RootViewController.swift in Sources */ = {isa = PBXBuildFile; fileRef = B6FABCC021F4C0660045872A /* RootViewController.swift */; };
		B6FABCCA21F4C0660045872A /* TableCellData.swift in Sources */ = {isa = PBXBuildFile; fileRef = B6FABCC121F4C0660045872A /* TableCellData.swift */; };
		B6FABCCB21F4C0660045872A /* TableController.swift in Sources */ = {isa = PBXBuildFile; fileRef = B6FABCC221F4C0660045872A /* TableController.swift */; };
/* End PBXBuildFile section */

/* Begin PBXCopyFilesBuildPhase section */
		B6C68C5E22524A1A00B7C116 /* Embed Frameworks */ = {
			isa = PBXCopyFilesBuildPhase;
			buildActionMask = 2147483647;
			dstPath = "";
			dstSubfolderSpec = 10;
			files = (
				B6C68C5D22524A1A00B7C116 /* Chaining.framework in Embed Frameworks */,
			);
			name = "Embed Frameworks";
			runOnlyForDeploymentPostprocessing = 0;
		};
/* End PBXCopyFilesBuildPhase section */

/* Begin PBXFileReference section */
		B6A364E921FDEEE200094C72 /* TableEditCell.swift */ = {isa = PBXFileReference; lastKnownFileType = sourcecode.swift; path = TableEditCell.swift; sourceTree = "<group>"; };
		B6B09CA9220C7D1600B483BC /* SuspendViewController.swift */ = {isa = PBXFileReference; lastKnownFileType = sourcecode.swift; path = SuspendViewController.swift; sourceTree = "<group>"; };
		B6B09CAB220C7D2B00B483BC /* Suspend.storyboard */ = {isa = PBXFileReference; lastKnownFileType = file.storyboard; path = Suspend.storyboard; sourceTree = "<group>"; };
		B6D4C63F21FD7945004A95A8 /* Base */ = {isa = PBXFileReference; lastKnownFileType = file.storyboard; name = Base; path = SwiftChaining_ios_example/Base.lproj/Numbers.storyboard; sourceTree = SOURCE_ROOT; };
		B6D4C64221FD7C50004A95A8 /* Base */ = {isa = PBXFileReference; lastKnownFileType = file.storyboard; name = Base; path = SwiftChaining_ios_example/Base.lproj/SimpleValidation.storyboard; sourceTree = SOURCE_ROOT; };
		B6D4C64821FD7D51004A95A8 /* Base */ = {isa = PBXFileReference; lastKnownFileType = file.storyboard; name = Base; path = SwiftChaining_ios_example/Base.lproj/Table.storyboard; sourceTree = SOURCE_ROOT; };
		B6DBC07121FC8C11003C0CF6 /* NumbersViewController.swift */ = {isa = PBXFileReference; lastKnownFileType = sourcecode.swift; path = NumbersViewController.swift; sourceTree = "<group>"; };
		B6DBC07421FCAC55003C0CF6 /* SimpleValidationViewController.swift */ = {isa = PBXFileReference; lastKnownFileType = sourcecode.swift; path = SimpleValidationViewController.swift; sourceTree = "<group>"; };
		B6FABCA321F4BFAF0045872A /* SwiftChaining_ios_example.app */ = {isa = PBXFileReference; explicitFileType = wrapper.application; includeInIndex = 0; path = SwiftChaining_ios_example.app; sourceTree = BUILT_PRODUCTS_DIR; };
		B6FABCA621F4BFAF0045872A /* AppDelegate.swift */ = {isa = PBXFileReference; lastKnownFileType = sourcecode.swift; path = AppDelegate.swift; sourceTree = "<group>"; };
		B6FABCAB21F4BFAF0045872A /* Base */ = {isa = PBXFileReference; lastKnownFileType = file.storyboard; name = Base; path = Base.lproj/Main.storyboard; sourceTree = "<group>"; };
		B6FABCAD21F4BFB00045872A /* Assets.xcassets */ = {isa = PBXFileReference; lastKnownFileType = folder.assetcatalog; path = Assets.xcassets; sourceTree = "<group>"; };
		B6FABCB021F4BFB00045872A /* Base */ = {isa = PBXFileReference; lastKnownFileType = file.storyboard; name = Base; path = Base.lproj/LaunchScreen.storyboard; sourceTree = "<group>"; };
		B6FABCB221F4BFB00045872A /* Info.plist */ = {isa = PBXFileReference; lastKnownFileType = text.plist.xml; path = Info.plist; sourceTree = "<group>"; };
		B6FABCB921F4BFDE0045872A /* Chaining.framework */ = {isa = PBXFileReference; explicitFileType = wrapper.framework; path = Chaining.framework; sourceTree = BUILT_PRODUCTS_DIR; };
		B6FABCBB21F4C0650045872A /* TableSection.swift */ = {isa = PBXFileReference; fileEncoding = 4; lastKnownFileType = sourcecode.swift; path = TableSection.swift; sourceTree = "<group>"; };
		B6FABCBC21F4C0660045872A /* TableViewController.swift */ = {isa = PBXFileReference; fileEncoding = 4; lastKnownFileType = sourcecode.swift; path = TableViewController.swift; sourceTree = "<group>"; };
		B6FABCBD21F4C0660045872A /* TableCustomCell.swift */ = {isa = PBXFileReference; fileEncoding = 4; lastKnownFileType = sourcecode.swift; path = TableCustomCell.swift; sourceTree = "<group>"; };
		B6FABCBE21F4C0660045872A /* TableNormalCell.swift */ = {isa = PBXFileReference; fileEncoding = 4; lastKnownFileType = sourcecode.swift; path = TableNormalCell.swift; sourceTree = "<group>"; };
		B6FABCC021F4C0660045872A /* RootViewController.swift */ = {isa = PBXFileReference; fileEncoding = 4; lastKnownFileType = sourcecode.swift; path = RootViewController.swift; sourceTree = "<group>"; };
		B6FABCC121F4C0660045872A /* TableCellData.swift */ = {isa = PBXFileReference; fileEncoding = 4; lastKnownFileType = sourcecode.swift; path = TableCellData.swift; sourceTree = "<group>"; };
		B6FABCC221F4C0660045872A /* TableController.swift */ = {isa = PBXFileReference; fileEncoding = 4; lastKnownFileType = sourcecode.swift; path = TableController.swift; sourceTree = "<group>"; };
/* End PBXFileReference section */

/* Begin PBXFrameworksBuildPhase section */
		B6FABCA021F4BFAF0045872A /* Frameworks */ = {
			isa = PBXFrameworksBuildPhase;
			buildActionMask = 2147483647;
			files = (
				B6FABCBA21F4BFDE0045872A /* Chaining.framework in Frameworks */,
			);
			runOnlyForDeploymentPostprocessing = 0;
		};
/* End PBXFrameworksBuildPhase section */

/* Begin PBXGroup section */
		B6B09CA8220C7CDE00B483BC /* Suspend */ = {
			isa = PBXGroup;
			children = (
				B6B09CA9220C7D1600B483BC /* SuspendViewController.swift */,
				B6B09CAB220C7D2B00B483BC /* Suspend.storyboard */,
			);
			path = Suspend;
			sourceTree = "<group>";
		};
		B6DBC06E21FC8BC1003C0CF6 /* Table */ = {
			isa = PBXGroup;
			children = (
				B6D4C64721FD7D51004A95A8 /* Table.storyboard */,
				B6FABCBC21F4C0660045872A /* TableViewController.swift */,
				B6FABCC221F4C0660045872A /* TableController.swift */,
				B6FABCBB21F4C0650045872A /* TableSection.swift */,
				B6FABCC121F4C0660045872A /* TableCellData.swift */,
				B6FABCBD21F4C0660045872A /* TableCustomCell.swift */,
				B6FABCBE21F4C0660045872A /* TableNormalCell.swift */,
				B6A364E921FDEEE200094C72 /* TableEditCell.swift */,
			);
			path = Table;
			sourceTree = "<group>";
		};
		B6DBC07021FC8BFD003C0CF6 /* Numbers */ = {
			isa = PBXGroup;
			children = (
				B6D4C63E21FD7945004A95A8 /* Numbers.storyboard */,
				B6DBC07121FC8C11003C0CF6 /* NumbersViewController.swift */,
			);
			path = Numbers;
			sourceTree = "<group>";
		};
		B6DBC07321FCAC3E003C0CF6 /* SimpleValidation */ = {
			isa = PBXGroup;
			children = (
				B6D4C64121FD7C50004A95A8 /* SimpleValidation.storyboard */,
				B6DBC07421FCAC55003C0CF6 /* SimpleValidationViewController.swift */,
			);
			path = SimpleValidation;
			sourceTree = "<group>";
		};
		B6FABC9A21F4BFAF0045872A = {
			isa = PBXGroup;
			children = (
				B6FABCA521F4BFAF0045872A /* SwiftChaining_ios_example */,
				B6FABCA421F4BFAF0045872A /* Products */,
				B6FABCB821F4BFDE0045872A /* Frameworks */,
			);
			sourceTree = "<group>";
		};
		B6FABCA421F4BFAF0045872A /* Products */ = {
			isa = PBXGroup;
			children = (
				B6FABCA321F4BFAF0045872A /* SwiftChaining_ios_example.app */,
			);
			name = Products;
			sourceTree = "<group>";
		};
		B6FABCA521F4BFAF0045872A /* SwiftChaining_ios_example */ = {
			isa = PBXGroup;
			children = (
				B6FABCA621F4BFAF0045872A /* AppDelegate.swift */,
				B6FABCC021F4C0660045872A /* RootViewController.swift */,
				B6DBC07321FCAC3E003C0CF6 /* SimpleValidation */,
				B6DBC07021FC8BFD003C0CF6 /* Numbers */,
				B6DBC06E21FC8BC1003C0CF6 /* Table */,
				B6B09CA8220C7CDE00B483BC /* Suspend */,
				B6FABCAA21F4BFAF0045872A /* Main.storyboard */,
				B6FABCAD21F4BFB00045872A /* Assets.xcassets */,
				B6FABCAF21F4BFB00045872A /* LaunchScreen.storyboard */,
				B6FABCB221F4BFB00045872A /* Info.plist */,
			);
			path = SwiftChaining_ios_example;
			sourceTree = "<group>";
		};
		B6FABCB821F4BFDE0045872A /* Frameworks */ = {
			isa = PBXGroup;
			children = (
				B6FABCB921F4BFDE0045872A /* Chaining.framework */,
			);
			name = Frameworks;
			sourceTree = "<group>";
		};
/* End PBXGroup section */

/* Begin PBXNativeTarget section */
		B6FABCA221F4BFAF0045872A /* SwiftChaining_ios_example */ = {
			isa = PBXNativeTarget;
			buildConfigurationList = B6FABCB521F4BFB00045872A /* Build configuration list for PBXNativeTarget "SwiftChaining_ios_example" */;
			buildPhases = (
				B6FABC9F21F4BFAF0045872A /* Sources */,
				B6FABCA021F4BFAF0045872A /* Frameworks */,
				B6FABCA121F4BFAF0045872A /* Resources */,
				B6C68C5E22524A1A00B7C116 /* Embed Frameworks */,
			);
			buildRules = (
			);
			dependencies = (
			);
			name = SwiftChaining_ios_example;
			productName = SwiftChaining_ios_example;
			productReference = B6FABCA321F4BFAF0045872A /* SwiftChaining_ios_example.app */;
			productType = "com.apple.product-type.application";
		};
/* End PBXNativeTarget section */

/* Begin PBXProject section */
		B6FABC9B21F4BFAF0045872A /* Project object */ = {
			isa = PBXProject;
			attributes = {
				LastSwiftUpdateCheck = 1010;
				LastUpgradeCheck = 1010;
				ORGANIZATIONNAME = "八十嶋祐樹";
				TargetAttributes = {
					B6FABCA221F4BFAF0045872A = {
						CreatedOnToolsVersion = 10.1;
					};
				};
			};
			buildConfigurationList = B6FABC9E21F4BFAF0045872A /* Build configuration list for PBXProject "SwiftChaining_ios_example" */;
			compatibilityVersion = "Xcode 9.3";
			developmentRegion = en;
			hasScannedForEncodings = 0;
			knownRegions = (
				en,
				Base,
			);
			mainGroup = B6FABC9A21F4BFAF0045872A;
			productRefGroup = B6FABCA421F4BFAF0045872A /* Products */;
			projectDirPath = "";
			projectRoot = "";
			targets = (
				B6FABCA221F4BFAF0045872A /* SwiftChaining_ios_example */,
			);
		};
/* End PBXProject section */

/* Begin PBXResourcesBuildPhase section */
		B6FABCA121F4BFAF0045872A /* Resources */ = {
			isa = PBXResourcesBuildPhase;
			buildActionMask = 2147483647;
			files = (
				B6D4C64921FD7D51004A95A8 /* Table.storyboard in Resources */,
				B6FABCB121F4BFB00045872A /* LaunchScreen.storyboard in Resources */,
				B6D4C64321FD7C50004A95A8 /* SimpleValidation.storyboard in Resources */,
				B6D4C64021FD7945004A95A8 /* Numbers.storyboard in Resources */,
				B6FABCAE21F4BFB00045872A /* Assets.xcassets in Resources */,
				B6B09CAC220C7D2B00B483BC /* Suspend.storyboard in Resources */,
				B6FABCAC21F4BFAF0045872A /* Main.storyboard in Resources */,
			);
			runOnlyForDeploymentPostprocessing = 0;
		};
/* End PBXResourcesBuildPhase section */

/* Begin PBXSourcesBuildPhase section */
		B6FABC9F21F4BFAF0045872A /* Sources */ = {
			isa = PBXSourcesBuildPhase;
			buildActionMask = 2147483647;
			files = (
				B6FABCC421F4C0660045872A /* TableSection.swift in Sources */,
				B6FABCC721F4C0660045872A /* TableNormalCell.swift in Sources */,
				B6FABCC521F4C0660045872A /* TableViewController.swift in Sources */,
				B6FABCCB21F4C0660045872A /* TableController.swift in Sources */,
				B6A364EA21FDEEE200094C72 /* TableEditCell.swift in Sources */,
				B6FABCCA21F4C0660045872A /* TableCellData.swift in Sources */,
				B6FABCC921F4C0660045872A /* RootViewController.swift in Sources */,
				B6B09CAA220C7D1600B483BC /* SuspendViewController.swift in Sources */,
				B6FABCC621F4C0660045872A /* TableCustomCell.swift in Sources */,
				B6FABCA721F4BFAF0045872A /* AppDelegate.swift in Sources */,
				B6DBC07221FC8C11003C0CF6 /* NumbersViewController.swift in Sources */,
				B6DBC07521FCAC55003C0CF6 /* SimpleValidationViewController.swift in Sources */,
			);
			runOnlyForDeploymentPostprocessing = 0;
		};
/* End PBXSourcesBuildPhase section */

/* Begin PBXVariantGroup section */
		B6D4C63E21FD7945004A95A8 /* Numbers.storyboard */ = {
			isa = PBXVariantGroup;
			children = (
				B6D4C63F21FD7945004A95A8 /* Base */,
			);
			name = Numbers.storyboard;
			sourceTree = "<group>";
		};
		B6D4C64121FD7C50004A95A8 /* SimpleValidation.storyboard */ = {
			isa = PBXVariantGroup;
			children = (
				B6D4C64221FD7C50004A95A8 /* Base */,
			);
			name = SimpleValidation.storyboard;
			sourceTree = "<group>";
		};
		B6D4C64721FD7D51004A95A8 /* Table.storyboard */ = {
			isa = PBXVariantGroup;
			children = (
				B6D4C64821FD7D51004A95A8 /* Base */,
			);
			name = Table.storyboard;
			sourceTree = "<group>";
		};
		B6FABCAA21F4BFAF0045872A /* Main.storyboard */ = {
			isa = PBXVariantGroup;
			children = (
				B6FABCAB21F4BFAF0045872A /* Base */,
			);
			name = Main.storyboard;
			sourceTree = "<group>";
		};
		B6FABCAF21F4BFB00045872A /* LaunchScreen.storyboard */ = {
			isa = PBXVariantGroup;
			children = (
				B6FABCB021F4BFB00045872A /* Base */,
			);
			name = LaunchScreen.storyboard;
			sourceTree = "<group>";
		};
/* End PBXVariantGroup section */

/* Begin XCBuildConfiguration section */
		B6FABCB321F4BFB00045872A /* Debug */ = {
			isa = XCBuildConfiguration;
			buildSettings = {
				ALWAYS_SEARCH_USER_PATHS = NO;
				CLANG_ANALYZER_NONNULL = YES;
				CLANG_ANALYZER_NUMBER_OBJECT_CONVERSION = YES_AGGRESSIVE;
				CLANG_CXX_LANGUAGE_STANDARD = "gnu++14";
				CLANG_CXX_LIBRARY = "libc++";
				CLANG_ENABLE_MODULES = YES;
				CLANG_ENABLE_OBJC_ARC = YES;
				CLANG_ENABLE_OBJC_WEAK = YES;
				CLANG_WARN_BLOCK_CAPTURE_AUTORELEASING = YES;
				CLANG_WARN_BOOL_CONVERSION = YES;
				CLANG_WARN_COMMA = YES;
				CLANG_WARN_CONSTANT_CONVERSION = YES;
				CLANG_WARN_DEPRECATED_OBJC_IMPLEMENTATIONS = YES;
				CLANG_WARN_DIRECT_OBJC_ISA_USAGE = YES_ERROR;
				CLANG_WARN_DOCUMENTATION_COMMENTS = YES;
				CLANG_WARN_EMPTY_BODY = YES;
				CLANG_WARN_ENUM_CONVERSION = YES;
				CLANG_WARN_INFINITE_RECURSION = YES;
				CLANG_WARN_INT_CONVERSION = YES;
				CLANG_WARN_NON_LITERAL_NULL_CONVERSION = YES;
				CLANG_WARN_OBJC_IMPLICIT_RETAIN_SELF = YES;
				CLANG_WARN_OBJC_LITERAL_CONVERSION = YES;
				CLANG_WARN_OBJC_ROOT_CLASS = YES_ERROR;
				CLANG_WARN_RANGE_LOOP_ANALYSIS = YES;
				CLANG_WARN_STRICT_PROTOTYPES = YES;
				CLANG_WARN_SUSPICIOUS_MOVE = YES;
				CLANG_WARN_UNGUARDED_AVAILABILITY = YES_AGGRESSIVE;
				CLANG_WARN_UNREACHABLE_CODE = YES;
				CLANG_WARN__DUPLICATE_METHOD_MATCH = YES;
				CODE_SIGN_IDENTITY = "iPhone Developer";
				COPY_PHASE_STRIP = NO;
				DEBUG_INFORMATION_FORMAT = dwarf;
				ENABLE_STRICT_OBJC_MSGSEND = YES;
				ENABLE_TESTABILITY = YES;
				GCC_C_LANGUAGE_STANDARD = gnu11;
				GCC_DYNAMIC_NO_PIC = NO;
				GCC_NO_COMMON_BLOCKS = YES;
				GCC_OPTIMIZATION_LEVEL = 0;
				GCC_PREPROCESSOR_DEFINITIONS = (
					"DEBUG=1",
					"$(inherited)",
				);
				GCC_WARN_64_TO_32_BIT_CONVERSION = YES;
				GCC_WARN_ABOUT_RETURN_TYPE = YES_ERROR;
				GCC_WARN_UNDECLARED_SELECTOR = YES;
				GCC_WARN_UNINITIALIZED_AUTOS = YES_AGGRESSIVE;
				GCC_WARN_UNUSED_FUNCTION = YES;
				GCC_WARN_UNUSED_VARIABLE = YES;
				IPHONEOS_DEPLOYMENT_TARGET = 12.1;
				MTL_ENABLE_DEBUG_INFO = INCLUDE_SOURCE;
				MTL_FAST_MATH = YES;
				ONLY_ACTIVE_ARCH = YES;
				SDKROOT = iphoneos;
				SWIFT_ACTIVE_COMPILATION_CONDITIONS = DEBUG;
				SWIFT_OPTIMIZATION_LEVEL = "-Onone";
			};
			name = Debug;
		};
		B6FABCB421F4BFB00045872A /* Release */ = {
			isa = XCBuildConfiguration;
			buildSettings = {
				ALWAYS_SEARCH_USER_PATHS = NO;
				CLANG_ANALYZER_NONNULL = YES;
				CLANG_ANALYZER_NUMBER_OBJECT_CONVERSION = YES_AGGRESSIVE;
				CLANG_CXX_LANGUAGE_STANDARD = "gnu++14";
				CLANG_CXX_LIBRARY = "libc++";
				CLANG_ENABLE_MODULES = YES;
				CLANG_ENABLE_OBJC_ARC = YES;
				CLANG_ENABLE_OBJC_WEAK = YES;
				CLANG_WARN_BLOCK_CAPTURE_AUTORELEASING = YES;
				CLANG_WARN_BOOL_CONVERSION = YES;
				CLANG_WARN_COMMA = YES;
				CLANG_WARN_CONSTANT_CONVERSION = YES;
				CLANG_WARN_DEPRECATED_OBJC_IMPLEMENTATIONS = YES;
				CLANG_WARN_DIRECT_OBJC_ISA_USAGE = YES_ERROR;
				CLANG_WARN_DOCUMENTATION_COMMENTS = YES;
				CLANG_WARN_EMPTY_BODY = YES;
				CLANG_WARN_ENUM_CONVERSION = YES;
				CLANG_WARN_INFINITE_RECURSION = YES;
				CLANG_WARN_INT_CONVERSION = YES;
				CLANG_WARN_NON_LITERAL_NULL_CONVERSION = YES;
				CLANG_WARN_OBJC_IMPLICIT_RETAIN_SELF = YES;
				CLANG_WARN_OBJC_LITERAL_CONVERSION = YES;
				CLANG_WARN_OBJC_ROOT_CLASS = YES_ERROR;
				CLANG_WARN_RANGE_LOOP_ANALYSIS = YES;
				CLANG_WARN_STRICT_PROTOTYPES = YES;
				CLANG_WARN_SUSPICIOUS_MOVE = YES;
				CLANG_WARN_UNGUARDED_AVAILABILITY = YES_AGGRESSIVE;
				CLANG_WARN_UNREACHABLE_CODE = YES;
				CLANG_WARN__DUPLICATE_METHOD_MATCH = YES;
				CODE_SIGN_IDENTITY = "iPhone Developer";
				COPY_PHASE_STRIP = NO;
				DEBUG_INFORMATION_FORMAT = "dwarf-with-dsym";
				ENABLE_NS_ASSERTIONS = NO;
				ENABLE_STRICT_OBJC_MSGSEND = YES;
				GCC_C_LANGUAGE_STANDARD = gnu11;
				GCC_NO_COMMON_BLOCKS = YES;
				GCC_WARN_64_TO_32_BIT_CONVERSION = YES;
				GCC_WARN_ABOUT_RETURN_TYPE = YES_ERROR;
				GCC_WARN_UNDECLARED_SELECTOR = YES;
				GCC_WARN_UNINITIALIZED_AUTOS = YES_AGGRESSIVE;
				GCC_WARN_UNUSED_FUNCTION = YES;
				GCC_WARN_UNUSED_VARIABLE = YES;
				IPHONEOS_DEPLOYMENT_TARGET = 12.1;
				MTL_ENABLE_DEBUG_INFO = NO;
				MTL_FAST_MATH = YES;
				SDKROOT = iphoneos;
				SWIFT_COMPILATION_MODE = wholemodule;
				SWIFT_OPTIMIZATION_LEVEL = "-O";
				VALIDATE_PRODUCT = YES;
			};
			name = Release;
		};
		B6FABCB621F4BFB00045872A /* Debug */ = {
			isa = XCBuildConfiguration;
			buildSettings = {
				ASSETCATALOG_COMPILER_APPICON_NAME = AppIcon;
				CODE_SIGN_IDENTITY = "iPhone Developer";
				CODE_SIGN_STYLE = Manual;
				DEVELOPMENT_TEAM = WVVR5YE53F;
				INFOPLIST_FILE = SwiftChaining_ios_example/Info.plist;
				LD_RUNPATH_SEARCH_PATHS = (
					"$(inherited)",
					"@executable_path/Frameworks",
				);
				PRODUCT_BUNDLE_IDENTIFIER = "objective-audio.SwiftChaining-ios-example";
				PRODUCT_NAME = "$(TARGET_NAME)";
				PROVISIONING_PROFILE_SPECIFIER = YYWildcard;
				SWIFT_VERSION = 4.2;
				TARGETED_DEVICE_FAMILY = "1,2";
			};
			name = Debug;
		};
		B6FABCB721F4BFB00045872A /* Release */ = {
			isa = XCBuildConfiguration;
			buildSettings = {
				ASSETCATALOG_COMPILER_APPICON_NAME = AppIcon;
				CODE_SIGN_IDENTITY = "iPhone Developer";
				CODE_SIGN_STYLE = Manual;
				DEVELOPMENT_TEAM = "";
				INFOPLIST_FILE = SwiftChaining_ios_example/Info.plist;
				LD_RUNPATH_SEARCH_PATHS = (
					"$(inherited)",
					"@executable_path/Frameworks",
				);
				PRODUCT_BUNDLE_IDENTIFIER = "objective-audio.SwiftChaining-ios-example";
				PRODUCT_NAME = "$(TARGET_NAME)";
				PROVISIONING_PROFILE_SPECIFIER = "";
				SWIFT_VERSION = 4.2;
				TARGETED_DEVICE_FAMILY = "1,2";
			};
			name = Release;
		};
/* End XCBuildConfiguration section */

/* Begin XCConfigurationList section */
		B6FABC9E21F4BFAF0045872A /* Build configuration list for PBXProject "SwiftChaining_ios_example" */ = {
			isa = XCConfigurationList;
			buildConfigurations = (
				B6FABCB321F4BFB00045872A /* Debug */,
				B6FABCB421F4BFB00045872A /* Release */,
			);
			defaultConfigurationIsVisible = 0;
			defaultConfigurationName = Release;
		};
		B6FABCB521F4BFB00045872A /* Build configuration list for PBXNativeTarget "SwiftChaining_ios_example" */ = {
			isa = XCConfigurationList;
			buildConfigurations = (
				B6FABCB621F4BFB00045872A /* Debug */,
				B6FABCB721F4BFB00045872A /* Release */,
			);
			defaultConfigurationIsVisible = 0;
			defaultConfigurationName = Release;
		};
/* End XCConfigurationList section */
	};
	rootObject = B6FABC9B21F4BFAF0045872A /* Project object */;
}
