// !$*UTF8*$!
{
	archiveVersion = 1;
	classes = {
	};
	objectVersion = 50;
	objects = {

/* Begin PBXBuildFile section */
		B620297621F9F7B8005574D0 /* RelayableValueHolderTests.swift in Sources */ = {isa = PBXBuildFile; fileRef = B620297521F9F7B8005574D0 /* RelayableValueHolderTests.swift */; };
		B630B98D22369E520007FEE9 /* EventableValueHolderTests.swift in Sources */ = {isa = PBXBuildFile; fileRef = B630B98C22369E510007FEE9 /* EventableValueHolderTests.swift */; };
		B630B99A223E1C1C0007FEE9 /* MapTests.swift in Sources */ = {isa = PBXBuildFile; fileRef = B630B999223E1C1C0007FEE9 /* MapTests.swift */; };
		B630B99C223E1C2D0007FEE9 /* RetainReceiverTests.swift in Sources */ = {isa = PBXBuildFile; fileRef = B630B99B223E1C2D0007FEE9 /* RetainReceiverTests.swift */; };
		B630B99E223E1C380007FEE9 /* RetainSenderTests.swift in Sources */ = {isa = PBXBuildFile; fileRef = B630B99D223E1C380007FEE9 /* RetainSenderTests.swift */; };
		B67211802247178200931F47 /* WeakTests.swift in Sources */ = {isa = PBXBuildFile; fileRef = B672117F2247178100931F47 /* WeakTests.swift */; };
		B6B09CA1220C553500B483BC /* OptionalTests.swift in Sources */ = {isa = PBXBuildFile; fileRef = B6B09CA0220C553500B483BC /* OptionalTests.swift */; };
		B6B09CA5220C634900B483BC /* SuspenderTests.swift in Sources */ = {isa = PBXBuildFile; fileRef = B6B09CA4220C634900B483BC /* SuspenderTests.swift */; };
		B6B09CB4220DD60F00B483BC /* SendToTests.swift in Sources */ = {isa = PBXBuildFile; fileRef = B6B09CB3220DD60F00B483BC /* SendToTests.swift */; };
		B6B09CBA221038A100B483BC /* PropertyAdapterCommonTests.swift in Sources */ = {isa = PBXBuildFile; fileRef = B6B09CB9221038A100B483BC /* PropertyAdapterCommonTests.swift */; };
		B6B09CBE2210516900B483BC /* PropertyAdapterTests.swift in Sources */ = {isa = PBXBuildFile; fileRef = B6B09CBD2210516900B483BC /* PropertyAdapterTests.swift */; };
		B6D4C62B21FC308E004A95A8 /* RelayableArrayHolderTests.swift in Sources */ = {isa = PBXBuildFile; fileRef = B6D4C62921FC308E004A95A8 /* RelayableArrayHolderTests.swift */; };
		B6D4C62C21FC308E004A95A8 /* RelayableDictionaryHolderTests.swift in Sources */ = {isa = PBXBuildFile; fileRef = B6D4C62A21FC308E004A95A8 /* RelayableDictionaryHolderTests.swift */; };
		B6FABBEC21F4B9E40045872A /* Chaining.framework in Frameworks */ = {isa = PBXBuildFile; fileRef = B6FABBEB21F4B9E40045872A /* Chaining.framework */; };
		B6FABC0021F4B9F50045872A /* KVOAdapterTests.swift in Sources */ = {isa = PBXBuildFile; fileRef = B6FABBEE21F4B9F50045872A /* KVOAdapterTests.swift */; };
		B6FABC0121F4B9F50045872A /* DictionaryHolderTests.swift in Sources */ = {isa = PBXBuildFile; fileRef = B6FABBEF21F4B9F50045872A /* DictionaryHolderTests.swift */; };
		B6FABC0221F4B9F50045872A /* ValueHolderTests.swift in Sources */ = {isa = PBXBuildFile; fileRef = B6FABBF021F4B9F50045872A /* ValueHolderTests.swift */; };
		B6FABC0321F4B9F50045872A /* NotificationAdapterTests.swift in Sources */ = {isa = PBXBuildFile; fileRef = B6FABBF121F4B9F50045872A /* NotificationAdapterTests.swift */; };
		B6FABC0421F4B9F50045872A /* CombineTests.swift in Sources */ = {isa = PBXBuildFile; fileRef = B6FABBF221F4B9F50045872A /* CombineTests.swift */; };
		B6FABC0521F4B9F50045872A /* ToTests.swift in Sources */ = {isa = PBXBuildFile; fileRef = B6FABBF321F4B9F50045872A /* ToTests.swift */; };
		B6FABC0621F4B9F50045872A /* EachTests.swift in Sources */ = {isa = PBXBuildFile; fileRef = B6FABBF421F4B9F50045872A /* EachTests.swift */; };
		B6FABC0721F4B9F50045872A /* NotifierTests.swift in Sources */ = {isa = PBXBuildFile; fileRef = B6FABBF521F4B9F50045872A /* NotifierTests.swift */; };
		B6FABC0A21F4B9F50045872A /* ObserverTests.swift in Sources */ = {isa = PBXBuildFile; fileRef = B6FABBF821F4B9F50045872A /* ObserverTests.swift */; };
		B6FABC0C21F4B9F50045872A /* GuardTests.swift in Sources */ = {isa = PBXBuildFile; fileRef = B6FABBFA21F4B9F50045872A /* GuardTests.swift */; };
		B6FABC0D21F4B9F50045872A /* MergeTests.swift in Sources */ = {isa = PBXBuildFile; fileRef = B6FABBFB21F4B9F50045872A /* MergeTests.swift */; };
		B6FABC0E21F4B9F50045872A /* TupleTests.swift in Sources */ = {isa = PBXBuildFile; fileRef = B6FABBFC21F4B9F50045872A /* TupleTests.swift */; };
		B6FABC0F21F4B9F50045872A /* FetchableTests.swift in Sources */ = {isa = PBXBuildFile; fileRef = B6FABBFD21F4B9F50045872A /* FetchableTests.swift */; };
		B6FABC1021F4B9F50045872A /* ArrayHolderTests.swift in Sources */ = {isa = PBXBuildFile; fileRef = B6FABBFE21F4B9F50045872A /* ArrayHolderTests.swift */; };
/* End PBXBuildFile section */

/* Begin PBXFileReference section */
		B620297521F9F7B8005574D0 /* RelayableValueHolderTests.swift */ = {isa = PBXFileReference; fileEncoding = 4; lastKnownFileType = sourcecode.swift; path = RelayableValueHolderTests.swift; sourceTree = "<group>"; };
		B630B98C22369E510007FEE9 /* EventableValueHolderTests.swift */ = {isa = PBXFileReference; fileEncoding = 4; lastKnownFileType = sourcecode.swift; path = EventableValueHolderTests.swift; sourceTree = "<group>"; };
		B630B999223E1C1C0007FEE9 /* MapTests.swift */ = {isa = PBXFileReference; fileEncoding = 4; lastKnownFileType = sourcecode.swift; path = MapTests.swift; sourceTree = "<group>"; };
		B630B99B223E1C2D0007FEE9 /* RetainReceiverTests.swift */ = {isa = PBXFileReference; fileEncoding = 4; lastKnownFileType = sourcecode.swift; path = RetainReceiverTests.swift; sourceTree = "<group>"; };
		B630B99D223E1C380007FEE9 /* RetainSenderTests.swift */ = {isa = PBXFileReference; fileEncoding = 4; lastKnownFileType = sourcecode.swift; path = RetainSenderTests.swift; sourceTree = "<group>"; };
		B672117F2247178100931F47 /* WeakTests.swift */ = {isa = PBXFileReference; fileEncoding = 4; lastKnownFileType = sourcecode.swift; path = WeakTests.swift; sourceTree = "<group>"; };
		B6B09CA0220C553500B483BC /* OptionalTests.swift */ = {isa = PBXFileReference; fileEncoding = 4; lastKnownFileType = sourcecode.swift; path = OptionalTests.swift; sourceTree = "<group>"; };
		B6B09CA4220C634900B483BC /* SuspenderTests.swift */ = {isa = PBXFileReference; fileEncoding = 4; lastKnownFileType = sourcecode.swift; path = SuspenderTests.swift; sourceTree = "<group>"; };
		B6B09CB3220DD60F00B483BC /* SendToTests.swift */ = {isa = PBXFileReference; fileEncoding = 4; lastKnownFileType = sourcecode.swift; path = SendToTests.swift; sourceTree = "<group>"; };
		B6B09CB9221038A100B483BC /* PropertyAdapterCommonTests.swift */ = {isa = PBXFileReference; fileEncoding = 4; lastKnownFileType = sourcecode.swift; path = PropertyAdapterCommonTests.swift; sourceTree = "<group>"; };
		B6B09CBD2210516900B483BC /* PropertyAdapterTests.swift */ = {isa = PBXFileReference; fileEncoding = 4; lastKnownFileType = sourcecode.swift; path = PropertyAdapterTests.swift; sourceTree = "<group>"; };
		B6B09D092215A5F100B483BC /* SwiftChaining_mac.playground */ = {isa = PBXFileReference; lastKnownFileType = file.playground; path = SwiftChaining_mac.playground; sourceTree = "<group>"; xcLanguageSpecificationIdentifier = xcode.lang.swift; };
		B6D4C62921FC308E004A95A8 /* RelayableArrayHolderTests.swift */ = {isa = PBXFileReference; fileEncoding = 4; lastKnownFileType = sourcecode.swift; path = RelayableArrayHolderTests.swift; sourceTree = "<group>"; };
		B6D4C62A21FC308E004A95A8 /* RelayableDictionaryHolderTests.swift */ = {isa = PBXFileReference; fileEncoding = 4; lastKnownFileType = sourcecode.swift; path = RelayableDictionaryHolderTests.swift; sourceTree = "<group>"; };
		B6FABBE121F4B9BF0045872A /* SwiftChaining_mac_tests.xctest */ = {isa = PBXFileReference; explicitFileType = wrapper.cfbundle; includeInIndex = 0; path = SwiftChaining_mac_tests.xctest; sourceTree = BUILT_PRODUCTS_DIR; };
		B6FABBE621F4B9BF0045872A /* Info.plist */ = {isa = PBXFileReference; lastKnownFileType = text.plist.xml; path = Info.plist; sourceTree = "<group>"; };
		B6FABBEB21F4B9E40045872A /* Chaining.framework */ = {isa = PBXFileReference; explicitFileType = wrapper.framework; path = Chaining.framework; sourceTree = BUILT_PRODUCTS_DIR; };
		B6FABBEE21F4B9F50045872A /* KVOAdapterTests.swift */ = {isa = PBXFileReference; fileEncoding = 4; lastKnownFileType = sourcecode.swift; path = KVOAdapterTests.swift; sourceTree = "<group>"; };
		B6FABBEF21F4B9F50045872A /* DictionaryHolderTests.swift */ = {isa = PBXFileReference; fileEncoding = 4; lastKnownFileType = sourcecode.swift; path = DictionaryHolderTests.swift; sourceTree = "<group>"; };
		B6FABBF021F4B9F50045872A /* ValueHolderTests.swift */ = {isa = PBXFileReference; fileEncoding = 4; lastKnownFileType = sourcecode.swift; path = ValueHolderTests.swift; sourceTree = "<group>"; };
		B6FABBF121F4B9F50045872A /* NotificationAdapterTests.swift */ = {isa = PBXFileReference; fileEncoding = 4; lastKnownFileType = sourcecode.swift; path = NotificationAdapterTests.swift; sourceTree = "<group>"; };
		B6FABBF221F4B9F50045872A /* CombineTests.swift */ = {isa = PBXFileReference; fileEncoding = 4; lastKnownFileType = sourcecode.swift; path = CombineTests.swift; sourceTree = "<group>"; };
		B6FABBF321F4B9F50045872A /* ToTests.swift */ = {isa = PBXFileReference; fileEncoding = 4; lastKnownFileType = sourcecode.swift; path = ToTests.swift; sourceTree = "<group>"; };
		B6FABBF421F4B9F50045872A /* EachTests.swift */ = {isa = PBXFileReference; fileEncoding = 4; lastKnownFileType = sourcecode.swift; path = EachTests.swift; sourceTree = "<group>"; };
		B6FABBF521F4B9F50045872A /* NotifierTests.swift */ = {isa = PBXFileReference; fileEncoding = 4; lastKnownFileType = sourcecode.swift; path = NotifierTests.swift; sourceTree = "<group>"; };
		B6FABBF821F4B9F50045872A /* ObserverTests.swift */ = {isa = PBXFileReference; fileEncoding = 4; lastKnownFileType = sourcecode.swift; path = ObserverTests.swift; sourceTree = "<group>"; };
		B6FABBFA21F4B9F50045872A /* GuardTests.swift */ = {isa = PBXFileReference; fileEncoding = 4; lastKnownFileType = sourcecode.swift; path = GuardTests.swift; sourceTree = "<group>"; };
		B6FABBFB21F4B9F50045872A /* MergeTests.swift */ = {isa = PBXFileReference; fileEncoding = 4; lastKnownFileType = sourcecode.swift; path = MergeTests.swift; sourceTree = "<group>"; };
		B6FABBFC21F4B9F50045872A /* TupleTests.swift */ = {isa = PBXFileReference; fileEncoding = 4; lastKnownFileType = sourcecode.swift; path = TupleTests.swift; sourceTree = "<group>"; };
		B6FABBFD21F4B9F50045872A /* FetchableTests.swift */ = {isa = PBXFileReference; fileEncoding = 4; lastKnownFileType = sourcecode.swift; path = FetchableTests.swift; sourceTree = "<group>"; };
		B6FABBFE21F4B9F50045872A /* ArrayHolderTests.swift */ = {isa = PBXFileReference; fileEncoding = 4; lastKnownFileType = sourcecode.swift; path = ArrayHolderTests.swift; sourceTree = "<group>"; };
/* End PBXFileReference section */

/* Begin PBXFrameworksBuildPhase section */
		B6FABBDE21F4B9BF0045872A /* Frameworks */ = {
			isa = PBXFrameworksBuildPhase;
			buildActionMask = 2147483647;
			files = (
				B6FABBEC21F4B9E40045872A /* Chaining.framework in Frameworks */,
			);
			runOnlyForDeploymentPostprocessing = 0;
		};
/* End PBXFrameworksBuildPhase section */

/* Begin PBXGroup section */
		B6FABBD621F4B9AB0045872A = {
			isa = PBXGroup;
			children = (
				B6FABBE321F4B9BF0045872A /* SwiftChaining_mac_tests */,
				B6FABBE221F4B9BF0045872A /* Products */,
				B6FABBEA21F4B9E40045872A /* Frameworks */,
			);
			sourceTree = "<group>";
		};
		B6FABBE221F4B9BF0045872A /* Products */ = {
			isa = PBXGroup;
			children = (
				B6FABBE121F4B9BF0045872A /* SwiftChaining_mac_tests.xctest */,
			);
			name = Products;
			sourceTree = "<group>";
		};
		B6FABBE321F4B9BF0045872A /* SwiftChaining_mac_tests */ = {
			isa = PBXGroup;
			children = (
				B6B09D092215A5F100B483BC /* SwiftChaining_mac.playground */,
				B6FABBED21F4B9F50045872A /* SwiftChainingTests */,
				B6FABBE621F4B9BF0045872A /* Info.plist */,
			);
			path = SwiftChaining_mac_tests;
			sourceTree = "<group>";
		};
		B6FABBEA21F4B9E40045872A /* Frameworks */ = {
			isa = PBXGroup;
			children = (
				B6FABBEB21F4B9E40045872A /* Chaining.framework */,
			);
			name = Frameworks;
			sourceTree = "<group>";
		};
		B6FABBED21F4B9F50045872A /* SwiftChainingTests */ = {
			isa = PBXGroup;
			children = (
				B6FABBFE21F4B9F50045872A /* ArrayHolderTests.swift */,
				B6FABBF221F4B9F50045872A /* CombineTests.swift */,
				B6FABBEF21F4B9F50045872A /* DictionaryHolderTests.swift */,
				B6FABBF421F4B9F50045872A /* EachTests.swift */,
				B630B98C22369E510007FEE9 /* EventableValueHolderTests.swift */,
				B6FABBFD21F4B9F50045872A /* FetchableTests.swift */,
				B6FABBFA21F4B9F50045872A /* GuardTests.swift */,
				B6FABBEE21F4B9F50045872A /* KVOAdapterTests.swift */,
				B630B999223E1C1C0007FEE9 /* MapTests.swift */,
				B6FABBFB21F4B9F50045872A /* MergeTests.swift */,
				B6FABBF121F4B9F50045872A /* NotificationAdapterTests.swift */,
				B6FABBF521F4B9F50045872A /* NotifierTests.swift */,
				B6FABBF821F4B9F50045872A /* ObserverTests.swift */,
				B6B09CA0220C553500B483BC /* OptionalTests.swift */,
				B6B09CB9221038A100B483BC /* PropertyAdapterCommonTests.swift */,
				B6B09CBD2210516900B483BC /* PropertyAdapterTests.swift */,
				B6D4C62921FC308E004A95A8 /* RelayableArrayHolderTests.swift */,
				B6D4C62A21FC308E004A95A8 /* RelayableDictionaryHolderTests.swift */,
				B620297521F9F7B8005574D0 /* RelayableValueHolderTests.swift */,
				B630B99B223E1C2D0007FEE9 /* RetainReceiverTests.swift */,
				B630B99D223E1C380007FEE9 /* RetainSenderTests.swift */,
				B6B09CB3220DD60F00B483BC /* SendToTests.swift */,
				B6B09CA4220C634900B483BC /* SuspenderTests.swift */,
				B6FABBF321F4B9F50045872A /* ToTests.swift */,
				B6FABBFC21F4B9F50045872A /* TupleTests.swift */,
				B6FABBF021F4B9F50045872A /* ValueHolderTests.swift */,
				B672117F2247178100931F47 /* WeakTests.swift */,
			);
			name = SwiftChainingTests;
			path = ../../SwiftChainingTests;
			sourceTree = "<group>";
		};
/* End PBXGroup section */

/* Begin PBXNativeTarget section */
		B6FABBE021F4B9BF0045872A /* SwiftChaining_mac_tests */ = {
			isa = PBXNativeTarget;
			buildConfigurationList = B6FABBE721F4B9BF0045872A /* Build configuration list for PBXNativeTarget "SwiftChaining_mac_tests" */;
			buildPhases = (
				B6FABBDD21F4B9BF0045872A /* Sources */,
				B6FABBDE21F4B9BF0045872A /* Frameworks */,
				B6FABBDF21F4B9BF0045872A /* Resources */,
			);
			buildRules = (
			);
			dependencies = (
			);
			name = SwiftChaining_mac_tests;
			productName = SwiftChaining_mac_tests;
			productReference = B6FABBE121F4B9BF0045872A /* SwiftChaining_mac_tests.xctest */;
			productType = "com.apple.product-type.bundle.unit-test";
		};
/* End PBXNativeTarget section */

/* Begin PBXProject section */
		B6FABBD721F4B9AB0045872A /* Project object */ = {
			isa = PBXProject;
			attributes = {
				LastSwiftUpdateCheck = 1010;
				LastUpgradeCheck = 1020;
				TargetAttributes = {
					B6FABBE021F4B9BF0045872A = {
						CreatedOnToolsVersion = 10.1;
						LastSwiftMigration = 1020;
					};
				};
			};
			buildConfigurationList = B6FABBDA21F4B9AB0045872A /* Build configuration list for PBXProject "SwiftChaining_mac_tests" */;
			compatibilityVersion = "Xcode 9.3";
			developmentRegion = en;
			hasScannedForEncodings = 0;
			knownRegions = (
				en,
				Base,
			);
			mainGroup = B6FABBD621F4B9AB0045872A;
			productRefGroup = B6FABBE221F4B9BF0045872A /* Products */;
			projectDirPath = "";
			projectRoot = "";
			targets = (
				B6FABBE021F4B9BF0045872A /* SwiftChaining_mac_tests */,
			);
		};
/* End PBXProject section */

/* Begin PBXResourcesBuildPhase section */
		B6FABBDF21F4B9BF0045872A /* Resources */ = {
			isa = PBXResourcesBuildPhase;
			buildActionMask = 2147483647;
			files = (
			);
			runOnlyForDeploymentPostprocessing = 0;
		};
/* End PBXResourcesBuildPhase section */

/* Begin PBXSourcesBuildPhase section */
		B6FABBDD21F4B9BF0045872A /* Sources */ = {
			isa = PBXSourcesBuildPhase;
			buildActionMask = 2147483647;
			files = (
				B6FABC0F21F4B9F50045872A /* FetchableTests.swift in Sources */,
				B6FABC0221F4B9F50045872A /* ValueHolderTests.swift in Sources */,
				B6B09CBA221038A100B483BC /* PropertyAdapterCommonTests.swift in Sources */,
				B6FABC0721F4B9F50045872A /* NotifierTests.swift in Sources */,
				B6D4C62C21FC308E004A95A8 /* RelayableDictionaryHolderTests.swift in Sources */,
				B620297621F9F7B8005574D0 /* RelayableValueHolderTests.swift in Sources */,
				B6B09CBE2210516900B483BC /* PropertyAdapterTests.swift in Sources */,
				B630B98D22369E520007FEE9 /* EventableValueHolderTests.swift in Sources */,
				B67211802247178200931F47 /* WeakTests.swift in Sources */,
				B6FABC0621F4B9F50045872A /* EachTests.swift in Sources */,
				B6B09CA1220C553500B483BC /* OptionalTests.swift in Sources */,
				B630B99A223E1C1C0007FEE9 /* MapTests.swift in Sources */,
				B6FABC0A21F4B9F50045872A /* ObserverTests.swift in Sources */,
				B6FABC0021F4B9F50045872A /* KVOAdapterTests.swift in Sources */,
				B6B09CA5220C634900B483BC /* SuspenderTests.swift in Sources */,
				B630B99C223E1C2D0007FEE9 /* RetainReceiverTests.swift in Sources */,
				B6FABC0C21F4B9F50045872A /* GuardTests.swift in Sources */,
				B630B99E223E1C380007FEE9 /* RetainSenderTests.swift in Sources */,
				B6FABC0521F4B9F50045872A /* ToTests.swift in Sources */,
				B6FABC0E21F4B9F50045872A /* TupleTests.swift in Sources */,
				B6FABC1021F4B9F50045872A /* ArrayHolderTests.swift in Sources */,
				B6FABC0D21F4B9F50045872A /* MergeTests.swift in Sources */,
				B6D4C62B21FC308E004A95A8 /* RelayableArrayHolderTests.swift in Sources */,
				B6FABC0121F4B9F50045872A /* DictionaryHolderTests.swift in Sources */,
				B6FABC0421F4B9F50045872A /* CombineTests.swift in Sources */,
				B6B09CB4220DD60F00B483BC /* SendToTests.swift in Sources */,
				B6FABC0321F4B9F50045872A /* NotificationAdapterTests.swift in Sources */,
			);
			runOnlyForDeploymentPostprocessing = 0;
		};
/* End PBXSourcesBuildPhase section */

/* Begin XCBuildConfiguration section */
		B6FABBDB21F4B9AB0045872A /* Debug */ = {
			isa = XCBuildConfiguration;
			buildSettings = {
				CLANG_WARN_BLOCK_CAPTURE_AUTORELEASING = YES;
				CLANG_WARN_BOOL_CONVERSION = YES;
				CLANG_WARN_COMMA = YES;
				CLANG_WARN_CONSTANT_CONVERSION = YES;
				CLANG_WARN_DEPRECATED_OBJC_IMPLEMENTATIONS = YES;
				CLANG_WARN_EMPTY_BODY = YES;
				CLANG_WARN_ENUM_CONVERSION = YES;
				CLANG_WARN_INFINITE_RECURSION = YES;
				CLANG_WARN_INT_CONVERSION = YES;
				CLANG_WARN_NON_LITERAL_NULL_CONVERSION = YES;
				CLANG_WARN_OBJC_IMPLICIT_RETAIN_SELF = YES;
				CLANG_WARN_OBJC_LITERAL_CONVERSION = YES;
				CLANG_WARN_RANGE_LOOP_ANALYSIS = YES;
				CLANG_WARN_STRICT_PROTOTYPES = YES;
				CLANG_WARN_SUSPICIOUS_MOVE = YES;
				CLANG_WARN_UNREACHABLE_CODE = YES;
				CLANG_WARN__DUPLICATE_METHOD_MATCH = YES;
				ENABLE_STRICT_OBJC_MSGSEND = YES;
				ENABLE_TESTABILITY = YES;
				GCC_NO_COMMON_BLOCKS = YES;
				GCC_WARN_64_TO_32_BIT_CONVERSION = YES;
				GCC_WARN_ABOUT_RETURN_TYPE = YES;
				GCC_WARN_UNDECLARED_SELECTOR = YES;
				GCC_WARN_UNINITIALIZED_AUTOS = YES;
				GCC_WARN_UNUSED_FUNCTION = YES;
				GCC_WARN_UNUSED_VARIABLE = YES;
				ONLY_ACTIVE_ARCH = YES;
			};
			name = Debug;
		};
		B6FABBDC21F4B9AB0045872A /* Release */ = {
			isa = XCBuildConfiguration;
			buildSettings = {
				CLANG_WARN_BLOCK_CAPTURE_AUTORELEASING = YES;
				CLANG_WARN_BOOL_CONVERSION = YES;
				CLANG_WARN_COMMA = YES;
				CLANG_WARN_CONSTANT_CONVERSION = YES;
				CLANG_WARN_DEPRECATED_OBJC_IMPLEMENTATIONS = YES;
				CLANG_WARN_EMPTY_BODY = YES;
				CLANG_WARN_ENUM_CONVERSION = YES;
				CLANG_WARN_INFINITE_RECURSION = YES;
				CLANG_WARN_INT_CONVERSION = YES;
				CLANG_WARN_NON_LITERAL_NULL_CONVERSION = YES;
				CLANG_WARN_OBJC_IMPLICIT_RETAIN_SELF = YES;
				CLANG_WARN_OBJC_LITERAL_CONVERSION = YES;
				CLANG_WARN_RANGE_LOOP_ANALYSIS = YES;
				CLANG_WARN_STRICT_PROTOTYPES = YES;
				CLANG_WARN_SUSPICIOUS_MOVE = YES;
				CLANG_WARN_UNREACHABLE_CODE = YES;
				CLANG_WARN__DUPLICATE_METHOD_MATCH = YES;
				ENABLE_STRICT_OBJC_MSGSEND = YES;
				GCC_NO_COMMON_BLOCKS = YES;
				GCC_WARN_64_TO_32_BIT_CONVERSION = YES;
				GCC_WARN_ABOUT_RETURN_TYPE = YES;
				GCC_WARN_UNDECLARED_SELECTOR = YES;
				GCC_WARN_UNINITIALIZED_AUTOS = YES;
				GCC_WARN_UNUSED_FUNCTION = YES;
				GCC_WARN_UNUSED_VARIABLE = YES;
			};
			name = Release;
		};
		B6FABBE821F4B9BF0045872A /* Debug */ = {
			isa = XCBuildConfiguration;
			buildSettings = {
				ALWAYS_SEARCH_USER_PATHS = NO;
				CLANG_ANALYZER_NONNULL = YES;
				CLANG_ANALYZER_NUMBER_OBJECT_CONVERSION = YES_AGGRESSIVE;
				CLANG_CXX_LANGUAGE_STANDARD = "gnu++14";
				CLANG_CXX_LIBRARY = "libc++";
				CLANG_ENABLE_MODULES = YES;
				CLANG_ENABLE_OBJC_ARC = YES;
				CLANG_ENABLE_OBJC_WEAK = YES;
				CLANG_WARN_BLOCK_CAPTURE_AUTORELEASING = YES;
				CLANG_WARN_BOOL_CONVERSION = YES;
				CLANG_WARN_COMMA = YES;
				CLANG_WARN_CONSTANT_CONVERSION = YES;
				CLANG_WARN_DEPRECATED_OBJC_IMPLEMENTATIONS = YES;
				CLANG_WARN_DIRECT_OBJC_ISA_USAGE = YES_ERROR;
				CLANG_WARN_DOCUMENTATION_COMMENTS = YES;
				CLANG_WARN_EMPTY_BODY = YES;
				CLANG_WARN_ENUM_CONVERSION = YES;
				CLANG_WARN_INFINITE_RECURSION = YES;
				CLANG_WARN_INT_CONVERSION = YES;
				CLANG_WARN_NON_LITERAL_NULL_CONVERSION = YES;
				CLANG_WARN_OBJC_IMPLICIT_RETAIN_SELF = YES;
				CLANG_WARN_OBJC_LITERAL_CONVERSION = YES;
				CLANG_WARN_OBJC_ROOT_CLASS = YES_ERROR;
				CLANG_WARN_RANGE_LOOP_ANALYSIS = YES;
				CLANG_WARN_STRICT_PROTOTYPES = YES;
				CLANG_WARN_SUSPICIOUS_MOVE = YES;
				CLANG_WARN_UNGUARDED_AVAILABILITY = YES_AGGRESSIVE;
				CLANG_WARN_UNREACHABLE_CODE = YES;
				CLANG_WARN__DUPLICATE_METHOD_MATCH = YES;
				CODE_SIGN_IDENTITY = "-";
				CODE_SIGN_STYLE = Manual;
				COMBINE_HIDPI_IMAGES = YES;
				COPY_PHASE_STRIP = NO;
				DEBUG_INFORMATION_FORMAT = dwarf;
				DEVELOPMENT_TEAM = "";
				ENABLE_STRICT_OBJC_MSGSEND = YES;
				ENABLE_TESTABILITY = YES;
				GCC_C_LANGUAGE_STANDARD = gnu11;
				GCC_DYNAMIC_NO_PIC = NO;
				GCC_NO_COMMON_BLOCKS = YES;
				GCC_OPTIMIZATION_LEVEL = 0;
				GCC_PREPROCESSOR_DEFINITIONS = (
					"DEBUG=1",
					"$(inherited)",
				);
				GCC_WARN_64_TO_32_BIT_CONVERSION = YES;
				GCC_WARN_ABOUT_RETURN_TYPE = YES_ERROR;
				GCC_WARN_UNDECLARED_SELECTOR = YES;
				GCC_WARN_UNINITIALIZED_AUTOS = YES_AGGRESSIVE;
				GCC_WARN_UNUSED_FUNCTION = YES;
				GCC_WARN_UNUSED_VARIABLE = YES;
				INFOPLIST_FILE = SwiftChaining_mac_tests/Info.plist;
				LD_RUNPATH_SEARCH_PATHS = (
					"$(inherited)",
					"@executable_path/../Frameworks",
					"@loader_path/../Frameworks",
				);
				MACOSX_DEPLOYMENT_TARGET = 10.14;
				MTL_ENABLE_DEBUG_INFO = INCLUDE_SOURCE;
				MTL_FAST_MATH = YES;
				ONLY_ACTIVE_ARCH = YES;
				PRODUCT_BUNDLE_IDENTIFIER = "objective-audio.SwiftChaining-mac-tests";
				PRODUCT_NAME = "$(TARGET_NAME)";
				PROVISIONING_PROFILE_SPECIFIER = "";
				SDKROOT = macosx;
				SWIFT_ACTIVE_COMPILATION_CONDITIONS = DEBUG;
				SWIFT_OPTIMIZATION_LEVEL = "-Onone";
				SWIFT_VERSION = 5.0;
			};
			name = Debug;
		};
		B6FABBE921F4B9BF0045872A /* Release */ = {
			isa = XCBuildConfiguration;
			buildSettings = {
				ALWAYS_SEARCH_USER_PATHS = NO;
				CLANG_ANALYZER_NONNULL = YES;
				CLANG_ANALYZER_NUMBER_OBJECT_CONVERSION = YES_AGGRESSIVE;
				CLANG_CXX_LANGUAGE_STANDARD = "gnu++14";
				CLANG_CXX_LIBRARY = "libc++";
				CLANG_ENABLE_MODULES = YES;
				CLANG_ENABLE_OBJC_ARC = YES;
				CLANG_ENABLE_OBJC_WEAK = YES;
				CLANG_WARN_BLOCK_CAPTURE_AUTORELEASING = YES;
				CLANG_WARN_BOOL_CONVERSION = YES;
				CLANG_WARN_COMMA = YES;
				CLANG_WARN_CONSTANT_CONVERSION = YES;
				CLANG_WARN_DEPRECATED_OBJC_IMPLEMENTATIONS = YES;
				CLANG_WARN_DIRECT_OBJC_ISA_USAGE = YES_ERROR;
				CLANG_WARN_DOCUMENTATION_COMMENTS = YES;
				CLANG_WARN_EMPTY_BODY = YES;
				CLANG_WARN_ENUM_CONVERSION = YES;
				CLANG_WARN_INFINITE_RECURSION = YES;
				CLANG_WARN_INT_CONVERSION = YES;
				CLANG_WARN_NON_LITERAL_NULL_CONVERSION = YES;
				CLANG_WARN_OBJC_IMPLICIT_RETAIN_SELF = YES;
				CLANG_WARN_OBJC_LITERAL_CONVERSION = YES;
				CLANG_WARN_OBJC_ROOT_CLASS = YES_ERROR;
				CLANG_WARN_RANGE_LOOP_ANALYSIS = YES;
				CLANG_WARN_STRICT_PROTOTYPES = YES;
				CLANG_WARN_SUSPICIOUS_MOVE = YES;
				CLANG_WARN_UNGUARDED_AVAILABILITY = YES_AGGRESSIVE;
				CLANG_WARN_UNREACHABLE_CODE = YES;
				CLANG_WARN__DUPLICATE_METHOD_MATCH = YES;
				CODE_SIGN_IDENTITY = "-";
				CODE_SIGN_STYLE = Manual;
				COMBINE_HIDPI_IMAGES = YES;
				COPY_PHASE_STRIP = NO;
				DEBUG_INFORMATION_FORMAT = "dwarf-with-dsym";
				DEVELOPMENT_TEAM = "";
				ENABLE_NS_ASSERTIONS = NO;
				ENABLE_STRICT_OBJC_MSGSEND = YES;
				GCC_C_LANGUAGE_STANDARD = gnu11;
				GCC_NO_COMMON_BLOCKS = YES;
				GCC_WARN_64_TO_32_BIT_CONVERSION = YES;
				GCC_WARN_ABOUT_RETURN_TYPE = YES_ERROR;
				GCC_WARN_UNDECLARED_SELECTOR = YES;
				GCC_WARN_UNINITIALIZED_AUTOS = YES_AGGRESSIVE;
				GCC_WARN_UNUSED_FUNCTION = YES;
				GCC_WARN_UNUSED_VARIABLE = YES;
				INFOPLIST_FILE = SwiftChaining_mac_tests/Info.plist;
				LD_RUNPATH_SEARCH_PATHS = (
					"$(inherited)",
					"@executable_path/../Frameworks",
					"@loader_path/../Frameworks",
				);
				MACOSX_DEPLOYMENT_TARGET = 10.14;
				MTL_ENABLE_DEBUG_INFO = NO;
				MTL_FAST_MATH = YES;
				PRODUCT_BUNDLE_IDENTIFIER = "objective-audio.SwiftChaining-mac-tests";
				PRODUCT_NAME = "$(TARGET_NAME)";
				PROVISIONING_PROFILE_SPECIFIER = "";
				SDKROOT = macosx;
				SWIFT_COMPILATION_MODE = wholemodule;
				SWIFT_OPTIMIZATION_LEVEL = "-O";
				SWIFT_VERSION = 5.0;
			};
			name = Release;
		};
/* End XCBuildConfiguration section */

/* Begin XCConfigurationList section */
		B6FABBDA21F4B9AB0045872A /* Build configuration list for PBXProject "SwiftChaining_mac_tests" */ = {
			isa = XCConfigurationList;
			buildConfigurations = (
				B6FABBDB21F4B9AB0045872A /* Debug */,
				B6FABBDC21F4B9AB0045872A /* Release */,
			);
			defaultConfigurationIsVisible = 0;
			defaultConfigurationName = Release;
		};
		B6FABBE721F4B9BF0045872A /* Build configuration list for PBXNativeTarget "SwiftChaining_mac_tests" */ = {
			isa = XCConfigurationList;
			buildConfigurations = (
				B6FABBE821F4B9BF0045872A /* Debug */,
				B6FABBE921F4B9BF0045872A /* Release */,
			);
			defaultConfigurationIsVisible = 0;
			defaultConfigurationName = Release;
		};
/* End XCConfigurationList section */
	};
	rootObject = B6FABBD721F4B9AB0045872A /* Project object */;
}
